
Microsoft Visual Studio Solution File, Format Version 12.00
# Visual Studio 2015
Project("{FAE04EC0-301F-11D3-BF4B-00C04F79EFBC}") = "StudyProject.CSharp.Plugins", "StudyProject.CSharp.Plugins.csproj", "{CE81C6C8-4B03-E760-7BC1-E6FAD73979B9}"
EndProject
Project("{FAE04EC0-301F-11D3-BF4B-00C04F79EFBC}") = "StudyProject.CSharp", "StudyProject.CSharp.csproj", "{22D4671D-B5FF-07F4-F9B1-67478B2A2AEF}"
EndProject
Project("{FAE04EC0-301F-11D3-BF4B-00C04F79EFBC}") = "StudyProject.CSharp.Editor", "StudyProject.CSharp.Editor.csproj", "{31A03A7A-0622-E505-2F4F-B4E95D3B59E5}"
EndProject
Global
	GlobalSection(SolutionConfigurationPlatforms) = preSolution
		Debug|Any CPU = Debug|Any CPU
		Release|Any CPU = Release|Any CPU
	EndGlobalSection
	GlobalSection(ProjectConfigurationPlatforms) = postSolution
		{CE81C6C8-4B03-E760-7BC1-E6FAD73979B9}.Debug|Any CPU.ActiveCfg = Debug|Any CPU
		{CE81C6C8-4B03-E760-7BC1-E6FAD73979B9}.Debug|Any CPU.Build.0 = Debug|Any CPU
		{CE81C6C8-4B03-E760-7BC1-E6FAD73979B9}.Release|Any CPU.ActiveCfg = Release|Any CPU
		{CE81C6C8-4B03-E760-7BC1-E6FAD73979B9}.Release|Any CPU.Build.0 = Release|Any CPU
		{22D4671D-B5FF-07F4-F9B1-67478B2A2AEF}.Debug|Any CPU.ActiveCfg = Debug|Any CPU
		{22D4671D-B5FF-07F4-F9B1-67478B2A2AEF}.Debug|Any CPU.Build.0 = Debug|Any CPU
		{22D4671D-B5FF-07F4-F9B1-67478B2A2AEF}.Release|Any CPU.ActiveCfg = Release|Any CPU
		{22D4671D-B5FF-07F4-F9B1-67478B2A2AEF}.Release|Any CPU.Build.0 = Release|Any CPU
		{31A03A7A-0622-E505-2F4F-B4E95D3B59E5}.Debug|Any CPU.ActiveCfg = Debug|Any CPU
		{31A03A7A-0622-E505-2F4F-B4E95D3B59E5}.Debug|Any CPU.Build.0 = Debug|Any CPU
		{31A03A7A-0622-E505-2F4F-B4E95D3B59E5}.Release|Any CPU.ActiveCfg = Release|Any CPU
		{31A03A7A-0622-E505-2F4F-B4E95D3B59E5}.Release|Any CPU.Build.0 = Release|Any CPU
	EndGlobalSection
	GlobalSection(SolutionProperties) = preSolution
		HideSolutionNode = FALSE
	EndGlobalSection
EndGlobal
